{
  "name": "launchrally",
  "version": "0.3.2",
  "lockfileVersion": 3,
  "requires": true,
  "packages": {
    "": {
      "name": "launchrally",
      "version": "0.3.2",
      "license": "Apache-2.0",
      "workspaces": [
        "packages/*",
        "adapters/*/launchrally"
      ],
      "devDependencies": {
        "@anthropic-ai/claude-code": "2.1.231",
        "@openai/codex": "0.147.0"
      },
      "engines": {
        "node": ">=20.12.0"
      }
    },
    "adapters/claude/launchrally": {
      "name": "@launchrally/claude-plugin",
      "version": "0.3.2",
      "license": "Apache-2.0",
      "dependencies": {
        "@launchrally/core": "0.3.2"
      }
    },
    "adapters/codex/launchrally": {
      "name": "@launchrally/codex-plugin",
      "version": "0.3.2",
      "license": "Apache-2.0",
      "dependencies": {
        "@launchrally/core": "0.3.2"
      }
    },
    "node_modules/@anthropic-ai/claude-code": {
      "version": "2.1.231",
      "resolved": "https://registry.npmjs.org/@anthropic-ai/claude-code/-/claude-code-2.1.231.tgz",
      "integrity": "sha512-1VG6CYH/x3M58L0wNYV2yLI3IPTCic+SXFrIw9IV2OrXA4EsMFAdXArWG87GpLZMkCCLculmrtDuJlwKLsysxg==",
      "dev": true,
      "hasInstallScript": true,
      "license": "SEE LICENSE IN README.md",
      "bin": {
        "claude": "bin/claude.exe"
      },
      "engines": {
        "node": ">=22.0.0"
      },
      "optionalDependencies": {
        "@anthropic-ai/claude-code-darwin-arm64": "2.1.231",
        "@anthropic-ai/claude-code-darwin-x64": "2.1.231",
        "@anthropic-ai/claude-code-linux-arm64": "2.1.231",
        "@anthropic-ai/claude-code-linux-arm64-musl": "2.1.231",
        "@anthropic-ai/claude-code-linux-x64": "2.1.231",
        "@anthropic-ai/claude-code-linux-x64-musl": "2.1.231",
        "@anthropic-ai/claude-code-win32-arm64": "2.1.231",
        "@anthropic-ai/claude-code-win32-x64": "2.1.231"
      }
    },
    "node_modules/@anthropic-ai/claude-code-darwin-arm64": {
      "version": "2.1.231",
      "resolved": "https://registry.npmjs.org/@anthropic-ai/claude-code-darwin-arm64/-/claude-code-darwin-arm64-2.1.231.tgz",
      "integrity": "sha512-tpqiF9bw8jHYc85mpF0S+JxzDY4ErGF9L9/tBflHJgIqgBXL/UpkLuI53MMYCPeoaCtE88skbf/P9r8C3OUrYA==",
      "cpu": [
        "arm64"
      ],
      "dev": true,
      "license": "SEE LICENSE IN LICENSE.md",
      "optional": true,
      "os": [
        "darwin"
      ]
    },
    "node_modules/@anthropic-ai/claude-code-darwin-x64": {
      "version": "2.1.231",
      "resolved": "https://registry.npmjs.org/@anthropic-ai/claude-code-darwin-x64/-/claude-code-darwin-x64-2.1.231.tgz",
      "integrity": "sha512-F/Z3nyTnxsF1Nw+m3f/SWBmlk2EUlNkrjRnlPP00JkrdmHBwX4c2VxNRjb2lWsBFBQdYGTjDp24vDzQhrRr9Kg==",
      "cpu": [
        "x64"
      ],
      "dev": true,
      "license": "SEE LICENSE IN LICENSE.md",
      "optional": true,
      "os": [
        "darwin"
      ]
    },
    "node_modules/@anthropic-ai/claude-code-linux-arm64": {
      "version": "2.1.231",
      "resolved": "https://registry.npmjs.org/@anthropic-ai/claude-code-linux-arm64/-/claude-code-linux-arm64-2.1.231.tgz",
      "integrity": "sha512-a0YGXTjk6N5yRWE30dkbtS0tTZ5hOEXFCjTTX2slSa7XULMlJJLQ1X8oFJwpXmlvZu9FHx1YRLKJnni05uNIQQ==",
      "cpu": [
        "arm64"
      ],
      "dev": true,
      "libc": [
        "glibc"
      ],
      "license": "SEE LICENSE IN LICENSE.md",
      "optional": true,
      "os": [
        "linux"
      ]
    },
    "node_modules/@anthropic-ai/claude-code-linux-arm64-musl": {
      "version": "2.1.231",
      "resolved": "https://registry.npmjs.org/@anthropic-ai/claude-code-linux-arm64-musl/-/claude-code-linux-arm64-musl-2.1.231.tgz",
      "integrity": "sha512-XsO7+7Ln6P92kNl25IofxtgH4wCCv9tM23TN6shon1lL7Lqub3tQmB+ywyUnkGE/H9gV3qzvmUs3w4W9dSp/Rg==",
      "cpu": [
        "arm64"
      ],
      "dev": true,
      "libc": [
        "musl"
      ],
      "license": "SEE LICENSE IN LICENSE.md",
      "optional": true,
      "os": [
        "linux"
      ]
    },
    "node_modules/@anthropic-ai/claude-code-linux-x64": {
      "version": "2.1.231",
      "resolved": "https://registry.npmjs.org/@anthropic-ai/claude-code-linux-x64/-/claude-code-linux-x64-2.1.231.tgz",
      "integrity": "sha512-ou1X+6JWOgbY5pUerfdOmeyPwKwEN515sx9it2sxsYEqKRTvOOHkiN94enRxge9/Z1J2Iqhd4VdkQIl6UoUvYw==",
      "cpu": [
        "x64"
      ],
      "dev": true,
      "libc": [
        "glibc"
      ],
      "license": "SEE LICENSE IN LICENSE.md",
      "optional": true,
      "os": [
        "linux"
      ]
    },
    "node_modules/@anthropic-ai/claude-code-linux-x64-musl": {
      "version": "2.1.231",
      "resolved": "https://registry.npmjs.org/@anthropic-ai/claude-code-linux-x64-musl/-/claude-code-linux-x64-musl-2.1.231.tgz",
      "integrity": "sha512-b9dEkV+nNEwO0i6Ja87zQCjT2zlJ+leDN5XjRkBhTKC7z7QVRiByqy8d2z52ujuC9hPDWvlEBW58Zed4OGQihw==",
      "cpu": [
        "x64"
      ],
      "dev": true,
      "libc": [
        "musl"
      ],
      "license": "SEE LICENSE IN LICENSE.md",
      "optional": true,
      "os": [
        "linux"
      ]
    },
    "node_modules/@anthropic-ai/claude-code-win32-arm64": {
      "version": "2.1.231",
      "resolved": "https://registry.npmjs.org/@anthropic-ai/claude-code-win32-arm64/-/claude-code-win32-arm64-2.1.231.tgz",
      "integrity": "sha512-NaQKufzY0r7G1xkXwBivOyy9JQZuN3idiUNeRuOC0FzL2GlqGbiqkLGRldPYSSjY3CIdV8Iz5Sei1xs38972uw==",
      "cpu": [
        "arm64"
      ],
      "dev": true,
      "license": "SEE LICENSE IN LICENSE.md",
      "optional": true,
      "os": [
        "win32"
      ]
    },
    "node_modules/@anthropic-ai/claude-code-win32-x64": {
      "version": "2.1.231",
      "resolved": "https://registry.npmjs.org/@anthropic-ai/claude-code-win32-x64/-/claude-code-win32-x64-2.1.231.tgz",
      "integrity": "sha512-rCrq1rr3UcIY2hPVr1N9yNQOT1Tbh20BRz5L9TzMFVkHB2oy82OvNp98sLRRuMfhtZ6DDwJZ4jZIbMOTxeB2hg==",
      "cpu": [
        "x64"
      ],
      "dev": true,
      "license": "SEE LICENSE IN LICENSE.md",
      "optional": true,
      "os": [
        "win32"
      ]
    },
    "node_modules/@clack/core": {
      "version": "1.4.3",
      "resolved": "https://registry.npmjs.org/@clack/core/-/core-1.4.3.tgz",
      "integrity": "sha512-/kr3UWNtdJfxZtPgDqUOmG2pvwlmcLGheex5yiZKdwbzZJxhV+HMNR9QNmyY5cGwTNV6LrR7Jtp+KjhUAP1qBQ==",
      "license": "MIT",
      "dependencies": {
        "fast-wrap-ansi": "^0.2.0",
        "sisteransi": "^1.0.5"
      },
      "engines": {
        "node": ">= 20.12.0"
      }
    },
    "node_modules/@clack/prompts": {
      "version": "1.7.0",
      "resolved": "https://registry.npmjs.org/@clack/prompts/-/prompts-1.7.0.tgz",
      "integrity": "sha512-y7/yvZ2TPAnR9+jnc00klvNNLkJiXFFrQA/hlLCcxA9a2A4zQIOimyFQ9XfwYKiGD1fb5GY8vbKIIgO8d5Tb2A==",
      "license": "MIT",
      "dependencies": {
        "@clack/core": "1.4.3",
        "fast-string-width": "^3.0.2",
        "fast-wrap-ansi": "^0.2.0",
        "sisteransi": "^1.0.5"
      },
      "engines": {
        "node": ">= 20.12.0"
      }
    },
    "node_modules/@launchrally/claude-plugin": {
      "resolved": "adapters/claude/launchrally",
      "link": true
    },
    "node_modules/@launchrally/cli": {
      "resolved": "packages/cli",
      "link": true
    },
    "node_modules/@launchrally/codex-plugin": {
      "resolved": "adapters/codex/launchrally",
      "link": true
    },
    "node_modules/@launchrally/contracts": {
      "resolved": "packages/contracts",
      "link": true
    },
    "node_modules/@launchrally/core": {
      "resolved": "packages/core",
      "link": true
    },
    "node_modules/@openai/codex": {
      "version": "0.147.0",
      "resolved": "https://registry.npmjs.org/@openai/codex/-/codex-0.147.0.tgz",
      "integrity": "sha512-EQLEXecAG2ptxI7UpBMo2TR/ga5596/c/OsYF/0LoUDh5JANZ7IoGqlzBEWbuEVQ76JePIbtTW/ihCkp1a7Z3w==",
      "dev": true,
      "license": "Apache-2.0",
      "bin": {
        "codex": "bin/codex.js"
      },
      "engines": {
        "node": ">=16"
      },
      "optionalDependencies": {
        "@openai/codex-darwin-arm64": "npm:@openai/codex@0.147.0-darwin-arm64",
        "@openai/codex-darwin-x64": "npm:@openai/codex@0.147.0-darwin-x64",
        "@openai/codex-linux-arm64": "npm:@openai/codex@0.147.0-linux-arm64",
        "@openai/codex-linux-x64": "npm:@openai/codex@0.147.0-linux-x64",
        "@openai/codex-win32-arm64": "npm:@openai/codex@0.147.0-win32-arm64",
        "@openai/codex-win32-x64": "npm:@openai/codex@0.147.0-win32-x64"
      }
    },
    "node_modules/@openai/codex-darwin-arm64": {
      "name": "@openai/codex",
      "version": "0.147.0-darwin-arm64",
      "resolved": "https://registry.npmjs.org/@openai/codex/-/codex-0.147.0-darwin-arm64.tgz",
      "integrity": "sha512-BEUVkiOW7kLcRyrMLfAr/h9wF8sRVJyZDy6OHtVn6QGDXiv3BvAZVTY1Pu9xF7KdIdkYXbp4uayN0aDQQaAUJw==",
      "cpu": [
        "arm64"
      ],
      "dev": true,
      "license": "Apache-2.0",
      "optional": true,
      "os": [
        "darwin"
      ],
      "engines": {
        "node": ">=16"
      }
    },
    "node_modules/@openai/codex-darwin-x64": {
      "name": "@openai/codex",
      "version": "0.147.0-darwin-x64",
      "resolved": "https://registry.npmjs.org/@openai/codex/-/codex-0.147.0-darwin-x64.tgz",
      "integrity": "sha512-Tb8McE5SvJIH0Vs5R6sq7u+quiC931yan2KOOl6km1OdZ82+Wi7eF5XrSFPs5CF7xCgoIK4Vs+byMbT5hN+ZUw==",
      "cpu": [
        "x64"
      ],
      "dev": true,
      "license": "Apache-2.0",
      "optional": true,
      "os": [
        "darwin"
      ],
      "engines": {
        "node": ">=16"
      }
    },
    "node_modules/@openai/codex-linux-arm64": {
      "name": "@openai/codex",
      "version": "0.147.0-linux-arm64",
      "resolved": "https://registry.npmjs.org/@openai/codex/-/codex-0.147.0-linux-arm64.tgz",
      "integrity": "sha512-SLC1JXw2TYfr/c3HhrJubyyLelq7vTOLWVmiThFA+z0+WgzCPmaseJ/kzDD3Gge/TO7fCnnj7UcPmC0d2c8XAg==",
      "cpu": [
        "arm64"
      ],
      "dev": true,
      "license": "Apache-2.0",
      "optional": true,
      "os": [
        "linux"
      ],
      "engines": {
        "node": ">=16"
      }
    },
    "node_modules/@openai/codex-linux-x64": {
      "name": "@openai/codex",
      "version": "0.147.0-linux-x64",
      "resolved": "https://registry.npmjs.org/@openai/codex/-/codex-0.147.0-linux-x64.tgz",
      "integrity": "sha512-0W9MBxPpWW0cSkNqrTDN2jR7rzzT7oNMhQY5446lT2Lw5cz5yhDTck4Va9rjkQEm+HlFzP/dmEMSZbXfJsINmw==",
      "cpu": [
        "x64"
      ],
      "dev": true,
      "license": "Apache-2.0",
      "optional": true,
      "os": [
        "linux"
      ],
      "engines": {
        "node": ">=16"
      }
    },
    "node_modules/@openai/codex-win32-arm64": {
      "name": "@openai/codex",
      "version": "0.147.0-win32-arm64",
      "resolved": "https://registry.npmjs.org/@openai/codex/-/codex-0.147.0-win32-arm64.tgz",
      "integrity": "sha512-e2ZstJ8zT8Rm1nvR7CUVO+Gr3cTChE41+VfOzGhynzDXEoW0wfbjUQbc2bWbh1arG94LMm4y3dqBtUIbSrfeGA==",
      "cpu": [
        "arm64"
      ],
      "dev": true,
      "license": "Apache-2.0",
      "optional": true,
      "os": [
        "win32"
      ],
      "engines": {
        "node": ">=16"
      }
    },
    "node_modules/@openai/codex-win32-x64": {
      "name": "@openai/codex",
      "version": "0.147.0-win32-x64",
      "resolved": "https://registry.npmjs.org/@openai/codex/-/codex-0.147.0-win32-x64.tgz",
      "integrity": "sha512-oT7Ss5fAPf2fiWE9QNURqZcQGAAawSVxmIUdgPzckq4KFZAM+pRz9JbM4Rr498CjtbNgTOjWvDJ+DXvIBSfOPA==",
      "cpu": [
        "x64"
      ],
      "dev": true,
      "license": "Apache-2.0",
      "optional": true,
      "os": [
        "win32"
      ],
      "engines": {
        "node": ">=16"
      }
    },
    "node_modules/fast-string-truncated-width": {
      "version": "3.0.3",
      "resolved": "https://registry.npmjs.org/fast-string-truncated-width/-/fast-string-truncated-width-3.0.3.tgz",
      "integrity": "sha512-0jjjIEL6+0jag3l2XWWizO64/aZVtpiGE3t0Zgqxv0DPuxiMjvB3M24fCyhZUO4KomJQPj3LTSUnDP3GpdwC0g==",
      "license": "MIT"
    },
    "node_modules/fast-string-width": {
      "version": "3.0.2",
      "resolved": "https://registry.npmjs.org/fast-string-width/-/fast-string-width-3.0.2.tgz",
      "integrity": "sha512-gX8LrtNEI5hq8DVUfRQMbr5lpaS4nMIWV+7XEbXk2b8kiQIizgnlr12B4dA3ZEx3308ze0O4Q1R+cHts8kyUJg==",
      "license": "MIT",
      "dependencies": {
        "fast-string-truncated-width": "^3.0.2"
      }
    },
    "node_modules/fast-wrap-ansi": {
      "version": "0.2.2",
      "resolved": "https://registry.npmjs.org/fast-wrap-ansi/-/fast-wrap-ansi-0.2.2.tgz",
      "integrity": "sha512-7F2Fl+TjRSenLqlU3UjSH0iyqopqoZIu7eZVpEirP2g1GtWa2G/ecEmBdgz31+Mxr+ELclgg6sokpSFIQiZ02Q==",
      "license": "MIT",
      "dependencies": {
        "fast-string-width": "^3.0.2"
      }
    },
    "node_modules/sisteransi": {
      "version": "1.0.5",
      "resolved": "https://registry.npmjs.org/sisteransi/-/sisteransi-1.0.5.tgz",
      "integrity": "sha512-bLGGlR1QxBcynn2d5YmDX4MGjlZvy2MRBDRNHLJ8VI6l6+9FUiyTFNJ0IveOSP0bcXgVDPRcfGqA0pjaqUpfVg==",
      "license": "MIT"
    },
    "packages/cli": {
      "name": "@launchrally/cli",
      "version": "0.3.2",
      "license": "Apache-2.0",
      "dependencies": {
        "@clack/core": "1.4.3",
        "@clack/prompts": "1.7.0",
        "@launchrally/contracts": "0.3.2",
        "@launchrally/core": "0.3.2"
      },
      "bin": {
        "rally": "bin/rally.js"
      },
      "engines": {
        "node": ">=20.12.0"
      }
    },
    "packages/contracts": {
      "name": "@launchrally/contracts",
      "version": "0.3.2",
      "license": "Apache-2.0"
    },
    "packages/core": {
      "name": "@launchrally/core",
      "version": "0.3.2",
      "license": "Apache-2.0",
      "dependencies": {
        "@launchrally/contracts": "0.3.2"
      }
    }
  }
}
